
Microsoft Visual Studio Solution File, Format Version 12.00
Project("{FAE04EC0-301F-11D3-BF4B-00C04F79EFBC}") = "Zadaca", "Zadaca\Zadaca.csproj", "{64735976-924A-43B6-AA0D-5EFA4DB5C263}"
EndProject
Global
	GlobalSection(SolutionConfigurationPlatforms) = preSolution
		Debug|Any CPU = Debug|Any CPU
		Release|Any CPU = Release|Any CPU
	EndGlobalSection
	GlobalSection(ProjectConfigurationPlatforms) = postSolution
		{64735976-924A-43B6-AA0D-5EFA4DB5C263}.Debug|Any CPU.ActiveCfg = Debug|Any CPU
		{64735976-924A-43B6-AA0D-5EFA4DB5C263}.Debug|Any CPU.Build.0 = Debug|Any CPU
		{64735976-924A-43B6-AA0D-5EFA4DB5C263}.Release|Any CPU.ActiveCfg = Release|Any CPU
		{64735976-924A-43B6-AA0D-5EFA4DB5C263}.Release|Any CPU.Build.0 = Release|Any CPU
	EndGlobalSection
EndGlobal
